{
  "lockfileVersion": 1,
  "configVersion": 0,
  "workspaces": {
    "": {
      "name": "@deep-sci-fi/letta",
      "dependencies": {
        "@anthropic-ai/sdk": "^0.32.1",
        "@aws-sdk/client-s3": "^3.700.0",
        "@deep-sci-fi/db": "file:../db",
        "@deep-sci-fi/types": "file:../types",
        "@letta-ai/letta-client": "^1.6.5",
        "zod": "^3.25.76",
      },
      "devDependencies": {
        "@types/node": "^20.12.7",
        "typescript": "^5.4.5",
      },
    },
  },
  "packages": {
    "@anthropic-ai/sdk": ["@anthropic-ai/sdk@0.32.1", "", { "dependencies": { "@types/node": "^18.11.18", "@types/node-fetch": "^2.6.4", "abort-controller": "^3.0.0", "agentkeepalive": "^4.2.1", "form-data-encoder": "1.7.2", "formdata-node": "^4.3.2", "node-fetch": "^2.6.7" } }, "sha512-U9JwTrDvdQ9iWuABVsMLj8nJVwAyQz6QXvgLsVhryhCEPkLsbcP/MXxm+jYcAwLoV8ESbaTTjnD4kuAFa+Hyjg=="],

    "@aws-crypto/crc32": ["@aws-crypto/crc32@5.2.0", "", { "dependencies": { "@aws-crypto/util": "^5.2.0", "@aws-sdk/types": "^3.222.0", "tslib": "^2.6.2" } }, "sha512-nLbCWqQNgUiwwtFsen1AdzAtvuLRsQS8rYgMuxCrdKf9kOssamGLuPwyTY9wyYblNr9+1XM8v6zoDTPPSIeANg=="],

    "@aws-crypto/crc32c": ["@aws-crypto/crc32c@5.2.0", "", { "dependencies": { "@aws-crypto/util": "^5.2.0", "@aws-sdk/types": "^3.222.0", "tslib": "^2.6.2" } }, "sha512-+iWb8qaHLYKrNvGRbiYRHSdKRWhto5XlZUEBwDjYNf+ly5SVYG6zEoYIdxvf5R3zyeP16w4PLBn3rH1xc74Rag=="],

    "@aws-crypto/sha1-browser": ["@aws-crypto/sha1-browser@5.2.0", "", { "dependencies": { "@aws-crypto/supports-web-crypto": "^5.2.0", "@aws-crypto/util": "^5.2.0", "@aws-sdk/types": "^3.222.0", "@aws-sdk/util-locate-window": "^3.0.0", "@smithy/util-utf8": "^2.0.0", "tslib": "^2.6.2" } }, "sha512-OH6lveCFfcDjX4dbAvCFSYUjJZjDr/3XJ3xHtjn3Oj5b9RjojQo8npoLeA/bNwkOkrSQ0wgrHzXk4tDRxGKJeg=="],

    "@aws-crypto/sha256-browser": ["@aws-crypto/sha256-browser@5.2.0", "", { "dependencies": { "@aws-crypto/sha256-js": "^5.2.0", "@aws-crypto/supports-web-crypto": "^5.2.0", "@aws-crypto/util": "^5.2.0", "@aws-sdk/types": "^3.222.0", "@aws-sdk/util-locate-window": "^3.0.0", "@smithy/util-utf8": "^2.0.0", "tslib": "^2.6.2" } }, "sha512-AXfN/lGotSQwu6HNcEsIASo7kWXZ5HYWvfOmSNKDsEqC4OashTp8alTmaz+F7TC2L083SFv5RdB+qU3Vs1kZqw=="],

    "@aws-crypto/sha256-js": ["@aws-crypto/sha256-js@5.2.0", "", { "dependencies": { "@aws-crypto/util": "^5.2.0", "@aws-sdk/types": "^3.222.0", "tslib": "^2.6.2" } }, "sha512-FFQQyu7edu4ufvIZ+OadFpHHOt+eSTBaYaki44c+akjg7qZg9oOQeLlk77F6tSYqjDAFClrHJk9tMf0HdVyOvA=="],

    "@aws-crypto/supports-web-crypto": ["@aws-crypto/supports-web-crypto@5.2.0", "", { "dependencies": { "tslib": "^2.6.2" } }, "sha512-iAvUotm021kM33eCdNfwIN//F77/IADDSs58i+MDaOqFrVjZo9bAal0NK7HurRuWLLpF1iLX7gbWrjHjeo+YFg=="],

    "@aws-crypto/util": ["@aws-crypto/util@5.2.0", "", { "dependencies": { "@aws-sdk/types": "^3.222.0", "@smithy/util-utf8": "^2.0.0", "tslib": "^2.6.2" } }, "sha512-4RkU9EsI6ZpBve5fseQlGNUWKMa1RLPQ1dnjnQoe07ldfIzcsGb5hC5W0Dm7u423KWzawlrpbjXBrXCEv9zazQ=="],

    "@aws-sdk/client-s3": ["@aws-sdk/client-s3@3.965.0", "", { "dependencies": { "@aws-crypto/sha1-browser": "5.2.0", "@aws-crypto/sha256-browser": "5.2.0", "@aws-crypto/sha256-js": "5.2.0", "@aws-sdk/core": "3.965.0", "@aws-sdk/credential-provider-node": "3.965.0", "@aws-sdk/middleware-bucket-endpoint": "3.965.0", "@aws-sdk/middleware-expect-continue": "3.965.0", "@aws-sdk/middleware-flexible-checksums": "3.965.0", "@aws-sdk/middleware-host-header": "3.965.0", "@aws-sdk/middleware-location-constraint": "3.965.0", "@aws-sdk/middleware-logger": "3.965.0", "@aws-sdk/middleware-recursion-detection": "3.965.0", "@aws-sdk/middleware-sdk-s3": "3.965.0", "@aws-sdk/middleware-ssec": "3.965.0", "@aws-sdk/middleware-user-agent": "3.965.0", "@aws-sdk/region-config-resolver": "3.965.0", "@aws-sdk/signature-v4-multi-region": "3.965.0", "@aws-sdk/types": "3.965.0", "@aws-sdk/util-endpoints": "3.965.0", "@aws-sdk/util-user-agent-browser": "3.965.0", "@aws-sdk/util-user-agent-node": "3.965.0", "@smithy/config-resolver": "^4.4.5", "@smithy/core": "^3.20.0", "@smithy/eventstream-serde-browser": "^4.2.7", "@smithy/eventstream-serde-config-resolver": "^4.3.7", "@smithy/eventstream-serde-node": "^4.2.7", "@smithy/fetch-http-handler": "^5.3.8", "@smithy/hash-blob-browser": "^4.2.8", "@smithy/hash-node": "^4.2.7", "@smithy/hash-stream-node": "^4.2.7", "@smithy/invalid-dependency": "^4.2.7", "@smithy/md5-js": "^4.2.7", "@smithy/middleware-content-length": "^4.2.7", "@smithy/middleware-endpoint": "^4.4.1", "@smithy/middleware-retry": "^4.4.17", "@smithy/middleware-serde": "^4.2.8", "@smithy/middleware-stack": "^4.2.7", "@smithy/node-config-provider": "^4.3.7", "@smithy/node-http-handler": "^4.4.7", "@smithy/protocol-http": "^5.3.7", "@smithy/smithy-client": "^4.10.2", "@smithy/types": "^4.11.0", "@smithy/url-parser": "^4.2.7", "@smithy/util-base64": "^4.3.0", "@smithy/util-body-length-browser": "^4.2.0", "@smithy/util-body-length-node": "^4.2.1", "@smithy/util-defaults-mode-browser": "^4.3.16", "@smithy/util-defaults-mode-node": "^4.2.19", "@smithy/util-endpoints": "^3.2.7", "@smithy/util-middleware": "^4.2.7", "@smithy/util-retry": "^4.2.7", "@smithy/util-stream": "^4.5.8", "@smithy/util-utf8": "^4.2.0", "@smithy/util-waiter": "^4.2.7", "tslib": "^2.6.2" } }, "sha512-BTeaaU1iK0BfatTCrtYjNkIHCoZH256qOI18l9bK4z6mVOgpHkYN4RvOu+NnKgyX58n+HWfOuhtKUD4OE33Vdw=="],

    "@aws-sdk/client-sso": ["@aws-sdk/client-sso@3.965.0", "", { "dependencies": { "@aws-crypto/sha256-browser": "5.2.0", "@aws-crypto/sha256-js": "5.2.0", "@aws-sdk/core": "3.965.0", "@aws-sdk/middleware-host-header": "3.965.0", "@aws-sdk/middleware-logger": "3.965.0", "@aws-sdk/middleware-recursion-detection": "3.965.0", "@aws-sdk/middleware-user-agent": "3.965.0", "@aws-sdk/region-config-resolver": "3.965.0", "@aws-sdk/types": "3.965.0", "@aws-sdk/util-endpoints": "3.965.0", "@aws-sdk/util-user-agent-browser": "3.965.0", "@aws-sdk/util-user-agent-node": "3.965.0", "@smithy/config-resolver": "^4.4.5", "@smithy/core": "^3.20.0", "@smithy/fetch-http-handler": "^5.3.8", "@smithy/hash-node": "^4.2.7", "@smithy/invalid-dependency": "^4.2.7", "@smithy/middleware-content-length": "^4.2.7", "@smithy/middleware-endpoint": "^4.4.1", "@smithy/middleware-retry": "^4.4.17", "@smithy/middleware-serde": "^4.2.8", "@smithy/middleware-stack": "^4.2.7", "@smithy/node-config-provider": "^4.3.7", "@smithy/node-http-handler": "^4.4.7", "@smithy/protocol-http": "^5.3.7", "@smithy/smithy-client": "^4.10.2", "@smithy/types": "^4.11.0", "@smithy/url-parser": "^4.2.7", "@smithy/util-base64": "^4.3.0", "@smithy/util-body-length-browser": "^4.2.0", "@smithy/util-body-length-node": "^4.2.1", "@smithy/util-defaults-mode-browser": "^4.3.16", "@smithy/util-defaults-mode-node": "^4.2.19", "@smithy/util-endpoints": "^3.2.7", "@smithy/util-middleware": "^4.2.7", "@smithy/util-retry": "^4.2.7", "@smithy/util-utf8": "^4.2.0", "tslib": "^2.6.2" } }, "sha512-iv2tr+n4aZ+nPUFFvG00hISPuEd4DU+1/Q8rPAYKXsM+vEPJ2nAnP5duUOa2fbOLIUCRxX3dcQaQaghVHDHzQw=="],

    "@aws-sdk/core": ["@aws-sdk/core@3.965.0", "", { "dependencies": { "@aws-sdk/types": "3.965.0", "@aws-sdk/xml-builder": "3.965.0", "@smithy/core": "^3.20.0", "@smithy/node-config-provider": "^4.3.7", "@smithy/property-provider": "^4.2.7", "@smithy/protocol-http": "^5.3.7", "@smithy/signature-v4": "^5.3.7", "@smithy/smithy-client": "^4.10.2", "@smithy/types": "^4.11.0", "@smithy/util-base64": "^4.3.0", "@smithy/util-middleware": "^4.2.7", "@smithy/util-utf8": "^4.2.0", "tslib": "^2.6.2" } }, "sha512-aq9BhQxdHit8UUJ9C0im9TtuKeK0pT6NXmNJxMTCFeStI7GG7ImIsSislg3BZTIifVg1P6VLdzMyz9de85iutQ=="],

    "@aws-sdk/crc64-nvme": ["@aws-sdk/crc64-nvme@3.965.0", "", { "dependencies": { "@smithy/types": "^4.11.0", "tslib": "^2.6.2" } }, "sha512-9FbIyJ/Zz1AdEIrb0+Pn7wRi+F/0Y566ooepg0hDyHUzRV3ZXKjOlu3wJH3YwTz2UkdwQmldfUos2yDJps7RyA=="],

    "@aws-sdk/credential-provider-env": ["@aws-sdk/credential-provider-env@3.965.0", "", { "dependencies": { "@aws-sdk/core": "3.965.0", "@aws-sdk/types": "3.965.0", "@smithy/property-provider": "^4.2.7", "@smithy/types": "^4.11.0", "tslib": "^2.6.2" } }, "sha512-mdGnaIjMxTIjsb70dEj3VsWPWpoq1V5MWzBSfJq2H8zgMBXjn6d5/qHP8HMf53l9PrsgqzMpXGv3Av549A2x1g=="],

    "@aws-sdk/credential-provider-http": ["@aws-sdk/credential-provider-http@3.965.0", "", { "dependencies": { "@aws-sdk/core": "3.965.0", "@aws-sdk/types": "3.965.0", "@smithy/fetch-http-handler": "^5.3.8", "@smithy/node-http-handler": "^4.4.7", "@smithy/property-provider": "^4.2.7", "@smithy/protocol-http": "^5.3.7", "@smithy/smithy-client": "^4.10.2", "@smithy/types": "^4.11.0", "@smithy/util-stream": "^4.5.8", "tslib": "^2.6.2" } }, "sha512-YuGQel9EgA/z25oeLM+GYYQS750+8AESvr7ZEmVnRPL0sg+K3DmGqdv+9gFjFd0UkLjTlC/jtbP2cuY6UcPiHQ=="],

    "@aws-sdk/credential-provider-ini": ["@aws-sdk/credential-provider-ini@3.965.0", "", { "dependencies": { "@aws-sdk/core": "3.965.0", "@aws-sdk/credential-provider-env": "3.965.0", "@aws-sdk/credential-provider-http": "3.965.0", "@aws-sdk/credential-provider-login": "3.965.0", "@aws-sdk/credential-provider-process": "3.965.0", "@aws-sdk/credential-provider-sso": "3.965.0", "@aws-sdk/credential-provider-web-identity": "3.965.0", "@aws-sdk/nested-clients": "3.965.0", "@aws-sdk/types": "3.965.0", "@smithy/credential-provider-imds": "^4.2.7", "@smithy/property-provider": "^4.2.7", "@smithy/shared-ini-file-loader": "^4.4.2", "@smithy/types": "^4.11.0", "tslib": "^2.6.2" } }, "sha512-xRo72Prer5s0xYVSCxCymVIRSqrVlevK5cmU0GWq9yJtaBNpnx02jwdJg80t/Ni7pgbkQyFWRMcq38c1tc6M/w=="],

    "@aws-sdk/credential-provider-login": ["@aws-sdk/credential-provider-login@3.965.0", "", { "dependencies": { "@aws-sdk/core": "3.965.0", "@aws-sdk/nested-clients": "3.965.0", "@aws-sdk/types": "3.965.0", "@smithy/property-provider": "^4.2.7", "@smithy/protocol-http": "^5.3.7", "@smithy/shared-ini-file-loader": "^4.4.2", "@smithy/types": "^4.11.0", "tslib": "^2.6.2" } }, "sha512-43/H8Qku8LHyugbhLo8kjD+eauhybCeVkmrnvWl8bXNHJP7xi1jCdtBQJKKJqiIHZws4MOEwkji8kFdAVRCe6g=="],

    "@aws-sdk/credential-provider-node": ["@aws-sdk/credential-provider-node@3.965.0", "", { "dependencies": { "@aws-sdk/credential-provider-env": "3.965.0", "@aws-sdk/credential-provider-http": "3.965.0", "@aws-sdk/credential-provider-ini": "3.965.0", "@aws-sdk/credential-provider-process": "3.965.0", "@aws-sdk/credential-provider-sso": "3.965.0", "@aws-sdk/credential-provider-web-identity": "3.965.0", "@aws-sdk/types": "3.965.0", "@smithy/credential-provider-imds": "^4.2.7", "@smithy/property-provider": "^4.2.7", "@smithy/shared-ini-file-loader": "^4.4.2", "@smithy/types": "^4.11.0", "tslib": "^2.6.2" } }, "sha512-cRxmMHF+Zh2lkkkEVduKl+8OQdtg/DhYA69+/7SPSQURlgyjFQGlRQ58B7q8abuNlrGT3sV+UzeOylZpJbV61Q=="],

    "@aws-sdk/credential-provider-process": ["@aws-sdk/credential-provider-process@3.965.0", "", { "dependencies": { "@aws-sdk/core": "3.965.0", "@aws-sdk/types": "3.965.0", "@smithy/property-provider": "^4.2.7", "@smithy/shared-ini-file-loader": "^4.4.2", "@smithy/types": "^4.11.0", "tslib": "^2.6.2" } }, "sha512-gmkPmdiR0yxnTzLPDb7rwrDhGuCUjtgnj8qWP+m0gSz/W43rR4jRPVEf6DUX2iC+ImQhxo3NFhuB3V42Kzo3TQ=="],

    "@aws-sdk/credential-provider-sso": ["@aws-sdk/credential-provider-sso@3.965.0", "", { "dependencies": { "@aws-sdk/client-sso": "3.965.0", "@aws-sdk/core": "3.965.0", "@aws-sdk/token-providers": "3.965.0", "@aws-sdk/types": "3.965.0", "@smithy/property-provider": "^4.2.7", "@smithy/shared-ini-file-loader": "^4.4.2", "@smithy/types": "^4.11.0", "tslib": "^2.6.2" } }, "sha512-N01AYvtCqG3Wo/s/LvYt19ity18/FqggiXT+elAs3X9Om/Wfx+hw9G+i7jaDmy+/xewmv8AdQ2SK5Q30dXw/Fw=="],

    "@aws-sdk/credential-provider-web-identity": ["@aws-sdk/credential-provider-web-identity@3.965.0", "", { "dependencies": { "@aws-sdk/core": "3.965.0", "@aws-sdk/nested-clients": "3.965.0", "@aws-sdk/types": "3.965.0", "@smithy/property-provider": "^4.2.7", "@smithy/shared-ini-file-loader": "^4.4.2", "@smithy/types": "^4.11.0", "tslib": "^2.6.2" } }, "sha512-T4gMZ2JzXnfxe1oTD+EDGLSxFfk1+WkLZdiHXEMZp8bFI1swP/3YyDFXI+Ib9Uq1JhnAmrCXtOnkicKEhDkdhQ=="],

    "@aws-sdk/middleware-bucket-endpoint": ["@aws-sdk/middleware-bucket-endpoint@3.965.0", "", { "dependencies": { "@aws-sdk/types": "3.965.0", "@aws-sdk/util-arn-parser": "3.965.0", "@smithy/node-config-provider": "^4.3.7", "@smithy/protocol-http": "^5.3.7", "@smithy/types": "^4.11.0", "@smithy/util-config-provider": "^4.2.0", "tslib": "^2.6.2" } }, "sha512-gbdv3Dl8l8xmg4oH60fXvfDyTxfx28w5/Hxdymx3vurM07tAyd4qld8zEXejnSpraTo45QcHRtk5auELIMfeag=="],

    "@aws-sdk/middleware-expect-continue": ["@aws-sdk/middleware-expect-continue@3.965.0", "", { "dependencies": { "@aws-sdk/types": "3.965.0", "@smithy/protocol-http": "^5.3.7", "@smithy/types": "^4.11.0", "tslib": "^2.6.2" } }, "sha512-UBxVytsmhEmFwkBnt+aV0eAJ7uc+ouNokCqMBrQ7Oc5A77qhlcHfOgXIKz2SxqsiYTsDq+a0lWFM/XpyRWraqA=="],

    "@aws-sdk/middleware-flexible-checksums": ["@aws-sdk/middleware-flexible-checksums@3.965.0", "", { "dependencies": { "@aws-crypto/crc32": "5.2.0", "@aws-crypto/crc32c": "5.2.0", "@aws-crypto/util": "5.2.0", "@aws-sdk/core": "3.965.0", "@aws-sdk/crc64-nvme": "3.965.0", "@aws-sdk/types": "3.965.0", "@smithy/is-array-buffer": "^4.2.0", "@smithy/node-config-provider": "^4.3.7", "@smithy/protocol-http": "^5.3.7", "@smithy/types": "^4.11.0", "@smithy/util-middleware": "^4.2.7", "@smithy/util-stream": "^4.5.8", "@smithy/util-utf8": "^4.2.0", "tslib": "^2.6.2" } }, "sha512-5rzEW08trcpHMe6jkQyYc4PL1KG/H7BbnySFSzhih+r/gktQEiE36sb1BNf7av9I0Vk2Ccmt7wocB5PIT7GDkQ=="],

    "@aws-sdk/middleware-host-header": ["@aws-sdk/middleware-host-header@3.965.0", "", { "dependencies": { "@aws-sdk/types": "3.965.0", "@smithy/protocol-http": "^5.3.7", "@smithy/types": "^4.11.0", "tslib": "^2.6.2" } }, "sha512-SfpSYqoPOAmdb3DBsnNsZ0vix+1VAtkUkzXM79JL3R5IfacpyKE2zytOgVAQx/FjhhlpSTwuXd+LRhUEVb3MaA=="],

    "@aws-sdk/middleware-location-constraint": ["@aws-sdk/middleware-location-constraint@3.965.0", "", { "dependencies": { "@aws-sdk/types": "3.965.0", "@smithy/types": "^4.11.0", "tslib": "^2.6.2" } }, "sha512-07T1rwAarQs33mVg5U28AsSdLB5JUXu9yBTBmspFGajKVsEahIyntf53j9mAXF1N2KR0bNdP0J4A0kst4t43UQ=="],

    "@aws-sdk/middleware-logger": ["@aws-sdk/middleware-logger@3.965.0", "", { "dependencies": { "@aws-sdk/types": "3.965.0", "@smithy/types": "^4.11.0", "tslib": "^2.6.2" } }, "sha512-gjUvJRZT1bUABKewnvkj51LAynFrfz2h5DYAg5/2F4Utx6UOGByTSr9Rq8JCLbURvvzAbCtcMkkIJRxw+8Zuzw=="],

    "@aws-sdk/middleware-recursion-detection": ["@aws-sdk/middleware-recursion-detection@3.965.0", "", { "dependencies": { "@aws-sdk/types": "3.965.0", "@aws/lambda-invoke-store": "^0.2.2", "@smithy/protocol-http": "^5.3.7", "@smithy/types": "^4.11.0", "tslib": "^2.6.2" } }, "sha512-6dvD+18Ni14KCRu+tfEoNxq1sIGVp9tvoZDZ7aMvpnA7mDXuRLrOjRQ/TAZqXwr9ENKVGyxcPl0cRK8jk1YWjA=="],

    "@aws-sdk/middleware-sdk-s3": ["@aws-sdk/middleware-sdk-s3@3.965.0", "", { "dependencies": { "@aws-sdk/core": "3.965.0", "@aws-sdk/types": "3.965.0", "@aws-sdk/util-arn-parser": "3.965.0", "@smithy/core": "^3.20.0", "@smithy/node-config-provider": "^4.3.7", "@smithy/protocol-http": "^5.3.7", "@smithy/signature-v4": "^5.3.7", "@smithy/smithy-client": "^4.10.2", "@smithy/types": "^4.11.0", "@smithy/util-config-provider": "^4.2.0", "@smithy/util-middleware": "^4.2.7", "@smithy/util-stream": "^4.5.8", "@smithy/util-utf8": "^4.2.0", "tslib": "^2.6.2" } }, "sha512-dXEgnojaaVRl+OlOx35mg3rYEbfffIN4X6tLmIfDnaKz0hMaDMvsE9jJXb/vBvokbdO1sVB27/2FEM4ttLSLnw=="],

    "@aws-sdk/middleware-ssec": ["@aws-sdk/middleware-ssec@3.965.0", "", { "dependencies": { "@aws-sdk/types": "3.965.0", "@smithy/types": "^4.11.0", "tslib": "^2.6.2" } }, "sha512-dke++CTw26y+a2D1DdVuZ4+2TkgItdx6TeuE0zOl4lsqXGvTBUG4eaIZalt7ZOAW5ys2pbDOk1bPuh4opoD3pQ=="],

    "@aws-sdk/middleware-user-agent": ["@aws-sdk/middleware-user-agent@3.965.0", "", { "dependencies": { "@aws-sdk/core": "3.965.0", "@aws-sdk/types": "3.965.0", "@aws-sdk/util-endpoints": "3.965.0", "@smithy/core": "^3.20.0", "@smithy/protocol-http": "^5.3.7", "@smithy/types": "^4.11.0", "tslib": "^2.6.2" } }, "sha512-RBEYVGgu/WeAt+H/qLrGc+t8LqAUkbyvh3wBfTiuAD+uBcWsKnvnB1iSBX75FearC0fmoxzXRUc0PMxMdqpjJQ=="],

    "@aws-sdk/nested-clients": ["@aws-sdk/nested-clients@3.965.0", "", { "dependencies": { "@aws-crypto/sha256-browser": "5.2.0", "@aws-crypto/sha256-js": "5.2.0", "@aws-sdk/core": "3.965.0", "@aws-sdk/middleware-host-header": "3.965.0", "@aws-sdk/middleware-logger": "3.965.0", "@aws-sdk/middleware-recursion-detection": "3.965.0", "@aws-sdk/middleware-user-agent": "3.965.0", "@aws-sdk/region-config-resolver": "3.965.0", "@aws-sdk/types": "3.965.0", "@aws-sdk/util-endpoints": "3.965.0", "@aws-sdk/util-user-agent-browser": "3.965.0", "@aws-sdk/util-user-agent-node": "3.965.0", "@smithy/config-resolver": "^4.4.5", "@smithy/core": "^3.20.0", "@smithy/fetch-http-handler": "^5.3.8", "@smithy/hash-node": "^4.2.7", "@smithy/invalid-dependency": "^4.2.7", "@smithy/middleware-content-length": "^4.2.7", "@smithy/middleware-endpoint": "^4.4.1", "@smithy/middleware-retry": "^4.4.17", "@smithy/middleware-serde": "^4.2.8", "@smithy/middleware-stack": "^4.2.7", "@smithy/node-config-provider": "^4.3.7", "@smithy/node-http-handler": "^4.4.7", "@smithy/protocol-http": "^5.3.7", "@smithy/smithy-client": "^4.10.2", "@smithy/types": "^4.11.0", "@smithy/url-parser": "^4.2.7", "@smithy/util-base64": "^4.3.0", "@smithy/util-body-length-browser": "^4.2.0", "@smithy/util-body-length-node": "^4.2.1", "@smithy/util-defaults-mode-browser": "^4.3.16", "@smithy/util-defaults-mode-node": "^4.2.19", "@smithy/util-endpoints": "^3.2.7", "@smithy/util-middleware": "^4.2.7", "@smithy/util-retry": "^4.2.7", "@smithy/util-utf8": "^4.2.0", "tslib": "^2.6.2" } }, "sha512-muNVUjUEU+/KLFrLzQ8PMXyw4+a/MP6t4GIvwLtyx/kH0rpSy5s0YmqacMXheuIe6F/5QT8uksXGNAQenitkGQ=="],

    "@aws-sdk/region-config-resolver": ["@aws-sdk/region-config-resolver@3.965.0", "", { "dependencies": { "@aws-sdk/types": "3.965.0", "@smithy/config-resolver": "^4.4.5", "@smithy/node-config-provider": "^4.3.7", "@smithy/types": "^4.11.0", "tslib": "^2.6.2" } }, "sha512-RoMhu9ly2B0coxn8ctXosPP2WmDD0MkQlZGLjoYHQUOCBmty5qmCxOqBmBDa6wbWbB8xKtMQ/4VXloQOgzjHXg=="],

    "@aws-sdk/signature-v4-multi-region": ["@aws-sdk/signature-v4-multi-region@3.965.0", "", { "dependencies": { "@aws-sdk/middleware-sdk-s3": "3.965.0", "@aws-sdk/types": "3.965.0", "@smithy/protocol-http": "^5.3.7", "@smithy/signature-v4": "^5.3.7", "@smithy/types": "^4.11.0", "tslib": "^2.6.2" } }, "sha512-hgbAThbsUrWtNpFBQxzXevIfd5Qgr4TLbXY1AIbmpSX9fPVC114pdieRMpopJ0fYaJ7v5/blTiS6wzVdXleZ/w=="],

    "@aws-sdk/token-providers": ["@aws-sdk/token-providers@3.965.0", "", { "dependencies": { "@aws-sdk/core": "3.965.0", "@aws-sdk/nested-clients": "3.965.0", "@aws-sdk/types": "3.965.0", "@smithy/property-provider": "^4.2.7", "@smithy/shared-ini-file-loader": "^4.4.2", "@smithy/types": "^4.11.0", "tslib": "^2.6.2" } }, "sha512-aR0qxg0b8flkXJVE+CM1gzo7uJ57md50z2eyCwofC0QIz5Y0P7/7vvb9/dmUQt6eT9XRN5iRcUqq2IVxVDvJOw=="],

    "@aws-sdk/types": ["@aws-sdk/types@3.965.0", "", { "dependencies": { "@smithy/types": "^4.11.0", "tslib": "^2.6.2" } }, "sha512-jvodoJdMavvg8faN7co58vVJRO5MVep4JFPRzUNCzpJ98BDqWDk/ad045aMJcmxkLzYLS2UAnUmqjJ/tUPNlzQ=="],

    "@aws-sdk/util-arn-parser": ["@aws-sdk/util-arn-parser@3.965.0", "", { "dependencies": { "tslib": "^2.6.2" } }, "sha512-bNGKr5Tct28jGLkL8xIkGu7swpDgBpkTVbGaofhzr/X80iclbOv656RGxhMpDvmc4S9UuQnqLRXyceNFNF2V7Q=="],

    "@aws-sdk/util-endpoints": ["@aws-sdk/util-endpoints@3.965.0", "", { "dependencies": { "@aws-sdk/types": "3.965.0", "@smithy/types": "^4.11.0", "@smithy/url-parser": "^4.2.7", "@smithy/util-endpoints": "^3.2.7", "tslib": "^2.6.2" } }, "sha512-WqSCB0XIsGUwZWvrYkuoofi2vzoVHqyeJ2kN+WyoOsxPLTiQSBIoqm/01R/qJvoxwK/gOOF7su9i84Vw2NQQpQ=="],

    "@aws-sdk/util-locate-window": ["@aws-sdk/util-locate-window@3.965.0", "", { "dependencies": { "tslib": "^2.6.2" } }, "sha512-9LJFand4bIoOjOF4x3wx0UZYiFZRo4oUauxQSiEX2dVg+5qeBOJSjp2SeWykIE6+6frCZ5wvWm2fGLK8D32aJw=="],

    "@aws-sdk/util-user-agent-browser": ["@aws-sdk/util-user-agent-browser@3.965.0", "", { "dependencies": { "@aws-sdk/types": "3.965.0", "@smithy/types": "^4.11.0", "bowser": "^2.11.0", "tslib": "^2.6.2" } }, "sha512-Xiza/zMntQGpkd2dETQeAK8So1pg5+STTzpcdGWxj5q0jGO5ayjqT/q1Q7BrsX5KIr6PvRkl9/V7lLCv04wGjQ=="],

    "@aws-sdk/util-user-agent-node": ["@aws-sdk/util-user-agent-node@3.965.0", "", { "dependencies": { "@aws-sdk/middleware-user-agent": "3.965.0", "@aws-sdk/types": "3.965.0", "@smithy/node-config-provider": "^4.3.7", "@smithy/types": "^4.11.0", "tslib": "^2.6.2" }, "peerDependencies": { "aws-crt": ">=1.0.0" }, "optionalPeers": ["aws-crt"] }, "sha512-kokIHUfNT3/P55E4fUJJrFHuuA9BbjFKUIxoLrd3UaRfdafT0ScRfg2eaZie6arf60EuhlUIZH0yALxttMEjxQ=="],

    "@aws-sdk/xml-builder": ["@aws-sdk/xml-builder@3.965.0", "", { "dependencies": { "@smithy/types": "^4.11.0", "fast-xml-parser": "5.2.5", "tslib": "^2.6.2" } }, "sha512-Tcod25/BTupraQwtb+Q+GX8bmEZfxIFjjJ/AvkhUZsZlkPeVluzq1uu3Oeqf145DCdMjzLIN6vab5MrykbDP+g=="],

    "@aws/lambda-invoke-store": ["@aws/lambda-invoke-store@0.2.3", "", {}, "sha512-oLvsaPMTBejkkmHhjf09xTgk71mOqyr/409NKhRIL08If7AhVfUsJhVsx386uJaqNd42v9kWamQ9lFbkoC2dYw=="],

    "@deep-sci-fi/db": ["@deep-sci-fi/db@file:../db", { "dependencies": { "@prisma/client": "^5.11.0" }, "devDependencies": { "prisma": "^5.11.0", "typescript": "^5.4.0" } }],

    "@deep-sci-fi/types": ["@deep-sci-fi/types@file:../types", { "devDependencies": { "typescript": "^5.4.0" } }],

    "@letta-ai/letta-client": ["@letta-ai/letta-client@1.6.5", "", {}, "sha512-LrJz7xqqYXaoAC6XXUZ/K+YgrCLzoEIRwPCXoOsiN/ehl7hl9kiz1Mw/iYSCK7ZpXS6fnyaIbIwGfxWeCl8z5g=="],

    "@prisma/client": ["@prisma/client@5.22.0", "", { "peerDependencies": { "prisma": "*" }, "optionalPeers": ["prisma"] }, "sha512-M0SVXfyHnQREBKxCgyo7sffrKttwE6R8PMq330MIUF0pTwjUhLbW84pFDlf06B27XyCR++VtjugEnIHdr07SVA=="],

    "@prisma/debug": ["@prisma/debug@5.22.0", "", {}, "sha512-AUt44v3YJeggO2ZU5BkXI7M4hu9BF2zzH2iF2V5pyXT/lRTyWiElZ7It+bRH1EshoMRxHgpYg4VB6rCM+mG5jQ=="],

    "@prisma/engines": ["@prisma/engines@5.22.0", "", { "dependencies": { "@prisma/debug": "5.22.0", "@prisma/engines-version": "5.22.0-44.605197351a3c8bdd595af2d2a9bc3025bca48ea2", "@prisma/fetch-engine": "5.22.0", "@prisma/get-platform": "5.22.0" } }, "sha512-UNjfslWhAt06kVL3CjkuYpHAWSO6L4kDCVPegV6itt7nD1kSJavd3vhgAEhjglLJJKEdJ7oIqDJ+yHk6qO8gPA=="],

    "@prisma/engines-version": ["@prisma/engines-version@5.22.0-44.605197351a3c8bdd595af2d2a9bc3025bca48ea2", "", {}, "sha512-2PTmxFR2yHW/eB3uqWtcgRcgAbG1rwG9ZriSvQw+nnb7c4uCr3RAcGMb6/zfE88SKlC1Nj2ziUvc96Z379mHgQ=="],

    "@prisma/fetch-engine": ["@prisma/fetch-engine@5.22.0", "", { "dependencies": { "@prisma/debug": "5.22.0", "@prisma/engines-version": "5.22.0-44.605197351a3c8bdd595af2d2a9bc3025bca48ea2", "@prisma/get-platform": "5.22.0" } }, "sha512-bkrD/Mc2fSvkQBV5EpoFcZ87AvOgDxbG99488a5cexp5Ccny+UM6MAe/UFkUC0wLYD9+9befNOqGiIJhhq+HbA=="],

    "@prisma/get-platform": ["@prisma/get-platform@5.22.0", "", { "dependencies": { "@prisma/debug": "5.22.0" } }, "sha512-pHhpQdr1UPFpt+zFfnPazhulaZYCUqeIcPpJViYoq9R+D/yw4fjE+CtnsnKzPYm0ddUbeXUzjGVGIRVgPDCk4Q=="],

    "@smithy/abort-controller": ["@smithy/abort-controller@4.2.7", "", { "dependencies": { "@smithy/types": "^4.11.0", "tslib": "^2.6.2" } }, "sha512-rzMY6CaKx2qxrbYbqjXWS0plqEy7LOdKHS0bg4ixJ6aoGDPNUcLWk/FRNuCILh7GKLG9TFUXYYeQQldMBBwuyw=="],

    "@smithy/chunked-blob-reader": ["@smithy/chunked-blob-reader@5.2.0", "", { "dependencies": { "tslib": "^2.6.2" } }, "sha512-WmU0TnhEAJLWvfSeMxBNe5xtbselEO8+4wG0NtZeL8oR21WgH1xiO37El+/Y+H/Ie4SCwBy3MxYWmOYaGgZueA=="],

    "@smithy/chunked-blob-reader-native": ["@smithy/chunked-blob-reader-native@4.2.1", "", { "dependencies": { "@smithy/util-base64": "^4.3.0", "tslib": "^2.6.2" } }, "sha512-lX9Ay+6LisTfpLid2zZtIhSEjHMZoAR5hHCR4H7tBz/Zkfr5ea8RcQ7Tk4mi0P76p4cN+Btz16Ffno7YHpKXnQ=="],

    "@smithy/config-resolver": ["@smithy/config-resolver@4.4.5", "", { "dependencies": { "@smithy/node-config-provider": "^4.3.7", "@smithy/types": "^4.11.0", "@smithy/util-config-provider": "^4.2.0", "@smithy/util-endpoints": "^3.2.7", "@smithy/util-middleware": "^4.2.7", "tslib": "^2.6.2" } }, "sha512-HAGoUAFYsUkoSckuKbCPayECeMim8pOu+yLy1zOxt1sifzEbrsRpYa+mKcMdiHKMeiqOibyPG0sFJnmaV/OGEg=="],

    "@smithy/core": ["@smithy/core@3.20.1", "", { "dependencies": { "@smithy/middleware-serde": "^4.2.8", "@smithy/protocol-http": "^5.3.7", "@smithy/types": "^4.11.0", "@smithy/util-base64": "^4.3.0", "@smithy/util-body-length-browser": "^4.2.0", "@smithy/util-middleware": "^4.2.7", "@smithy/util-stream": "^4.5.8", "@smithy/util-utf8": "^4.2.0", "@smithy/uuid": "^1.1.0", "tslib": "^2.6.2" } }, "sha512-wOboSEdQ85dbKAJ0zL+wQ6b0HTSBRhtGa0PYKysQXkRg+vK0tdCRRVruiFM2QMprkOQwSYOnwF4og96PAaEGag=="],

    "@smithy/credential-provider-imds": ["@smithy/credential-provider-imds@4.2.7", "", { "dependencies": { "@smithy/node-config-provider": "^4.3.7", "@smithy/property-provider": "^4.2.7", "@smithy/types": "^4.11.0", "@smithy/url-parser": "^4.2.7", "tslib": "^2.6.2" } }, "sha512-CmduWdCiILCRNbQWFR0OcZlUPVtyE49Sr8yYL0rZQ4D/wKxiNzBNS/YHemvnbkIWj623fplgkexUd/c9CAKdoA=="],

    "@smithy/eventstream-codec": ["@smithy/eventstream-codec@4.2.7", "", { "dependencies": { "@aws-crypto/crc32": "5.2.0", "@smithy/types": "^4.11.0", "@smithy/util-hex-encoding": "^4.2.0", "tslib": "^2.6.2" } }, "sha512-DrpkEoM3j9cBBWhufqBwnbbn+3nf1N9FP6xuVJ+e220jbactKuQgaZwjwP5CP1t+O94brm2JgVMD2atMGX3xIQ=="],

    "@smithy/eventstream-serde-browser": ["@smithy/eventstream-serde-browser@4.2.7", "", { "dependencies": { "@smithy/eventstream-serde-universal": "^4.2.7", "@smithy/types": "^4.11.0", "tslib": "^2.6.2" } }, "sha512-ujzPk8seYoDBmABDE5YqlhQZAXLOrtxtJLrbhHMKjBoG5b4dK4i6/mEU+6/7yXIAkqOO8sJ6YxZl+h0QQ1IJ7g=="],

    "@smithy/eventstream-serde-config-resolver": ["@smithy/eventstream-serde-config-resolver@4.3.7", "", { "dependencies": { "@smithy/types": "^4.11.0", "tslib": "^2.6.2" } }, "sha512-x7BtAiIPSaNaWuzm24Q/mtSkv+BrISO/fmheiJ39PKRNH3RmH2Hph/bUKSOBOBC9unqfIYDhKTHwpyZycLGPVQ=="],

    "@smithy/eventstream-serde-node": ["@smithy/eventstream-serde-node@4.2.7", "", { "dependencies": { "@smithy/eventstream-serde-universal": "^4.2.7", "@smithy/types": "^4.11.0", "tslib": "^2.6.2" } }, "sha512-roySCtHC5+pQq5lK4be1fZ/WR6s/AxnPaLfCODIPArtN2du8s5Ot4mKVK3pPtijL/L654ws592JHJ1PbZFF6+A=="],

    "@smithy/eventstream-serde-universal": ["@smithy/eventstream-serde-universal@4.2.7", "", { "dependencies": { "@smithy/eventstream-codec": "^4.2.7", "@smithy/types": "^4.11.0", "tslib": "^2.6.2" } }, "sha512-QVD+g3+icFkThoy4r8wVFZMsIP08taHVKjE6Jpmz8h5CgX/kk6pTODq5cht0OMtcapUx+xrPzUTQdA+TmO0m1g=="],

    "@smithy/fetch-http-handler": ["@smithy/fetch-http-handler@5.3.8", "", { "dependencies": { "@smithy/protocol-http": "^5.3.7", "@smithy/querystring-builder": "^4.2.7", "@smithy/types": "^4.11.0", "@smithy/util-base64": "^4.3.0", "tslib": "^2.6.2" } }, "sha512-h/Fi+o7mti4n8wx1SR6UHWLaakwHRx29sizvp8OOm7iqwKGFneT06GCSFhml6Bha5BT6ot5pj3CYZnCHhGC2Rg=="],

    "@smithy/hash-blob-browser": ["@smithy/hash-blob-browser@4.2.8", "", { "dependencies": { "@smithy/chunked-blob-reader": "^5.2.0", "@smithy/chunked-blob-reader-native": "^4.2.1", "@smithy/types": "^4.11.0", "tslib": "^2.6.2" } }, "sha512-07InZontqsM1ggTCPSRgI7d8DirqRrnpL7nIACT4PW0AWrgDiHhjGZzbAE5UtRSiU0NISGUYe7/rri9ZeWyDpw=="],

    "@smithy/hash-node": ["@smithy/hash-node@4.2.7", "", { "dependencies": { "@smithy/types": "^4.11.0", "@smithy/util-buffer-from": "^4.2.0", "@smithy/util-utf8": "^4.2.0", "tslib": "^2.6.2" } }, "sha512-PU/JWLTBCV1c8FtB8tEFnY4eV1tSfBc7bDBADHfn1K+uRbPgSJ9jnJp0hyjiFN2PMdPzxsf1Fdu0eo9fJ760Xw=="],

    "@smithy/hash-stream-node": ["@smithy/hash-stream-node@4.2.7", "", { "dependencies": { "@smithy/types": "^4.11.0", "@smithy/util-utf8": "^4.2.0", "tslib": "^2.6.2" } }, "sha512-ZQVoAwNYnFMIbd4DUc517HuwNelJUY6YOzwqrbcAgCnVn+79/OK7UjwA93SPpdTOpKDVkLIzavWm/Ck7SmnDPQ=="],

    "@smithy/invalid-dependency": ["@smithy/invalid-dependency@4.2.7", "", { "dependencies": { "@smithy/types": "^4.11.0", "tslib": "^2.6.2" } }, "sha512-ncvgCr9a15nPlkhIUx3CU4d7E7WEuVJOV7fS7nnK2hLtPK9tYRBkMHQbhXU1VvvKeBm/O0x26OEoBq+ngFpOEQ=="],

    "@smithy/is-array-buffer": ["@smithy/is-array-buffer@4.2.0", "", { "dependencies": { "tslib": "^2.6.2" } }, "sha512-DZZZBvC7sjcYh4MazJSGiWMI2L7E0oCiRHREDzIxi/M2LY79/21iXt6aPLHge82wi5LsuRF5A06Ds3+0mlh6CQ=="],

    "@smithy/md5-js": ["@smithy/md5-js@4.2.7", "", { "dependencies": { "@smithy/types": "^4.11.0", "@smithy/util-utf8": "^4.2.0", "tslib": "^2.6.2" } }, "sha512-Wv6JcUxtOLTnxvNjDnAiATUsk8gvA6EeS8zzHig07dotpByYsLot+m0AaQEniUBjx97AC41MQR4hW0baraD1Xw=="],

    "@smithy/middleware-content-length": ["@smithy/middleware-content-length@4.2.7", "", { "dependencies": { "@smithy/protocol-http": "^5.3.7", "@smithy/types": "^4.11.0", "tslib": "^2.6.2" } }, "sha512-GszfBfCcvt7kIbJ41LuNa5f0wvQCHhnGx/aDaZJCCT05Ld6x6U2s0xsc/0mBFONBZjQJp2U/0uSJ178OXOwbhg=="],

    "@smithy/middleware-endpoint": ["@smithy/middleware-endpoint@4.4.2", "", { "dependencies": { "@smithy/core": "^3.20.1", "@smithy/middleware-serde": "^4.2.8", "@smithy/node-config-provider": "^4.3.7", "@smithy/shared-ini-file-loader": "^4.4.2", "@smithy/types": "^4.11.0", "@smithy/url-parser": "^4.2.7", "@smithy/util-middleware": "^4.2.7", "tslib": "^2.6.2" } }, "sha512-mqpAdux0BNmZu/SqkFhQEnod4fX23xxTvU2LUpmKp0JpSI+kPYCiHJMmzREr8yxbNxKL2/DU1UZm9i++ayU+2g=="],

    "@smithy/middleware-retry": ["@smithy/middleware-retry@4.4.18", "", { "dependencies": { "@smithy/node-config-provider": "^4.3.7", "@smithy/protocol-http": "^5.3.7", "@smithy/service-error-classification": "^4.2.7", "@smithy/smithy-client": "^4.10.3", "@smithy/types": "^4.11.0", "@smithy/util-middleware": "^4.2.7", "@smithy/util-retry": "^4.2.7", "@smithy/uuid": "^1.1.0", "tslib": "^2.6.2" } }, "sha512-E5hulijA59nBk/zvcwVMaS7FG7Y4l6hWA9vrW018r+8kiZef4/ETQaPI4oY+3zsy9f6KqDv3c4VKtO4DwwgpCg=="],

    "@smithy/middleware-serde": ["@smithy/middleware-serde@4.2.8", "", { "dependencies": { "@smithy/protocol-http": "^5.3.7", "@smithy/types": "^4.11.0", "tslib": "^2.6.2" } }, "sha512-8rDGYen5m5+NV9eHv9ry0sqm2gI6W7mc1VSFMtn6Igo25S507/HaOX9LTHAS2/J32VXD0xSzrY0H5FJtOMS4/w=="],

    "@smithy/middleware-stack": ["@smithy/middleware-stack@4.2.7", "", { "dependencies": { "@smithy/types": "^4.11.0", "tslib": "^2.6.2" } }, "sha512-bsOT0rJ+HHlZd9crHoS37mt8qRRN/h9jRve1SXUhVbkRzu0QaNYZp1i1jha4n098tsvROjcwfLlfvcFuJSXEsw=="],

    "@smithy/node-config-provider": ["@smithy/node-config-provider@4.3.7", "", { "dependencies": { "@smithy/property-provider": "^4.2.7", "@smithy/shared-ini-file-loader": "^4.4.2", "@smithy/types": "^4.11.0", "tslib": "^2.6.2" } }, "sha512-7r58wq8sdOcrwWe+klL9y3bc4GW1gnlfnFOuL7CXa7UzfhzhxKuzNdtqgzmTV+53lEp9NXh5hY/S4UgjLOzPfw=="],

    "@smithy/node-http-handler": ["@smithy/node-http-handler@4.4.7", "", { "dependencies": { "@smithy/abort-controller": "^4.2.7", "@smithy/protocol-http": "^5.3.7", "@smithy/querystring-builder": "^4.2.7", "@smithy/types": "^4.11.0", "tslib": "^2.6.2" } }, "sha512-NELpdmBOO6EpZtWgQiHjoShs1kmweaiNuETUpuup+cmm/xJYjT4eUjfhrXRP4jCOaAsS3c3yPsP3B+K+/fyPCQ=="],

    "@smithy/property-provider": ["@smithy/property-provider@4.2.7", "", { "dependencies": { "@smithy/types": "^4.11.0", "tslib": "^2.6.2" } }, "sha512-jmNYKe9MGGPoSl/D7JDDs1C8b3dC8f/w78LbaVfoTtWy4xAd5dfjaFG9c9PWPihY4ggMQNQSMtzU77CNgAJwmA=="],

    "@smithy/protocol-http": ["@smithy/protocol-http@5.3.7", "", { "dependencies": { "@smithy/types": "^4.11.0", "tslib": "^2.6.2" } }, "sha512-1r07pb994I20dD/c2seaZhoCuNYm0rWrvBxhCQ70brNh11M5Ml2ew6qJVo0lclB3jMIXirD4s2XRXRe7QEi0xA=="],

    "@smithy/querystring-builder": ["@smithy/querystring-builder@4.2.7", "", { "dependencies": { "@smithy/types": "^4.11.0", "@smithy/util-uri-escape": "^4.2.0", "tslib": "^2.6.2" } }, "sha512-eKONSywHZxK4tBxe2lXEysh8wbBdvDWiA+RIuaxZSgCMmA0zMgoDpGLJhnyj+c0leOQprVnXOmcB4m+W9Rw7sg=="],

    "@smithy/querystring-parser": ["@smithy/querystring-parser@4.2.7", "", { "dependencies": { "@smithy/types": "^4.11.0", "tslib": "^2.6.2" } }, "sha512-3X5ZvzUHmlSTHAXFlswrS6EGt8fMSIxX/c3Rm1Pni3+wYWB6cjGocmRIoqcQF9nU5OgGmL0u7l9m44tSUpfj9w=="],

    "@smithy/service-error-classification": ["@smithy/service-error-classification@4.2.7", "", { "dependencies": { "@smithy/types": "^4.11.0" } }, "sha512-YB7oCbukqEb2Dlh3340/8g8vNGbs/QsNNRms+gv3N2AtZz9/1vSBx6/6tpwQpZMEJFs7Uq8h4mmOn48ZZ72MkA=="],

    "@smithy/shared-ini-file-loader": ["@smithy/shared-ini-file-loader@4.4.2", "", { "dependencies": { "@smithy/types": "^4.11.0", "tslib": "^2.6.2" } }, "sha512-M7iUUff/KwfNunmrgtqBfvZSzh3bmFgv/j/t1Y1dQ+8dNo34br1cqVEqy6v0mYEgi0DkGO7Xig0AnuOaEGVlcg=="],

    "@smithy/signature-v4": ["@smithy/signature-v4@5.3.7", "", { "dependencies": { "@smithy/is-array-buffer": "^4.2.0", "@smithy/protocol-http": "^5.3.7", "@smithy/types": "^4.11.0", "@smithy/util-hex-encoding": "^4.2.0", "@smithy/util-middleware": "^4.2.7", "@smithy/util-uri-escape": "^4.2.0", "@smithy/util-utf8": "^4.2.0", "tslib": "^2.6.2" } }, "sha512-9oNUlqBlFZFOSdxgImA6X5GFuzE7V2H7VG/7E70cdLhidFbdtvxxt81EHgykGK5vq5D3FafH//X+Oy31j3CKOg=="],

    "@smithy/smithy-client": ["@smithy/smithy-client@4.10.3", "", { "dependencies": { "@smithy/core": "^3.20.1", "@smithy/middleware-endpoint": "^4.4.2", "@smithy/middleware-stack": "^4.2.7", "@smithy/protocol-http": "^5.3.7", "@smithy/types": "^4.11.0", "@smithy/util-stream": "^4.5.8", "tslib": "^2.6.2" } }, "sha512-EfECiO/0fAfb590LBnUe7rI5ux7XfquQ8LBzTe7gxw0j9QW/q8UT/EHWHlxV/+jhQ3+Ssga9uUYXCQgImGMbNg=="],

    "@smithy/types": ["@smithy/types@4.11.0", "", { "dependencies": { "tslib": "^2.6.2" } }, "sha512-mlrmL0DRDVe3mNrjTcVcZEgkFmufITfUAPBEA+AHYiIeYyJebso/He1qLbP3PssRe22KUzLRpQSdBPbXdgZ2VA=="],

    "@smithy/url-parser": ["@smithy/url-parser@4.2.7", "", { "dependencies": { "@smithy/querystring-parser": "^4.2.7", "@smithy/types": "^4.11.0", "tslib": "^2.6.2" } }, "sha512-/RLtVsRV4uY3qPWhBDsjwahAtt3x2IsMGnP5W1b2VZIe+qgCqkLxI1UOHDZp1Q1QSOrdOR32MF3Ph2JfWT1VHg=="],

    "@smithy/util-base64": ["@smithy/util-base64@4.3.0", "", { "dependencies": { "@smithy/util-buffer-from": "^4.2.0", "@smithy/util-utf8": "^4.2.0", "tslib": "^2.6.2" } }, "sha512-GkXZ59JfyxsIwNTWFnjmFEI8kZpRNIBfxKjv09+nkAWPt/4aGaEWMM04m4sxgNVWkbt2MdSvE3KF/PfX4nFedQ=="],

    "@smithy/util-body-length-browser": ["@smithy/util-body-length-browser@4.2.0", "", { "dependencies": { "tslib": "^2.6.2" } }, "sha512-Fkoh/I76szMKJnBXWPdFkQJl2r9SjPt3cMzLdOB6eJ4Pnpas8hVoWPYemX/peO0yrrvldgCUVJqOAjUrOLjbxg=="],

    "@smithy/util-body-length-node": ["@smithy/util-body-length-node@4.2.1", "", { "dependencies": { "tslib": "^2.6.2" } }, "sha512-h53dz/pISVrVrfxV1iqXlx5pRg3V2YWFcSQyPyXZRrZoZj4R4DeWRDo1a7dd3CPTcFi3kE+98tuNyD2axyZReA=="],

    "@smithy/util-buffer-from": ["@smithy/util-buffer-from@4.2.0", "", { "dependencies": { "@smithy/is-array-buffer": "^4.2.0", "tslib": "^2.6.2" } }, "sha512-kAY9hTKulTNevM2nlRtxAG2FQ3B2OR6QIrPY3zE5LqJy1oxzmgBGsHLWTcNhWXKchgA0WHW+mZkQrng/pgcCew=="],

    "@smithy/util-config-provider": ["@smithy/util-config-provider@4.2.0", "", { "dependencies": { "tslib": "^2.6.2" } }, "sha512-YEjpl6XJ36FTKmD+kRJJWYvrHeUvm5ykaUS5xK+6oXffQPHeEM4/nXlZPe+Wu0lsgRUcNZiliYNh/y7q9c2y6Q=="],

    "@smithy/util-defaults-mode-browser": ["@smithy/util-defaults-mode-browser@4.3.17", "", { "dependencies": { "@smithy/property-provider": "^4.2.7", "@smithy/smithy-client": "^4.10.3", "@smithy/types": "^4.11.0", "tslib": "^2.6.2" } }, "sha512-dwN4GmivYF1QphnP3xJESXKtHvkkvKHSZI8GrSKMVoENVSKW2cFPRYC4ZgstYjUHdR3zwaDkIaTDIp26JuY7Cw=="],

    "@smithy/util-defaults-mode-node": ["@smithy/util-defaults-mode-node@4.2.20", "", { "dependencies": { "@smithy/config-resolver": "^4.4.5", "@smithy/credential-provider-imds": "^4.2.7", "@smithy/node-config-provider": "^4.3.7", "@smithy/property-provider": "^4.2.7", "@smithy/smithy-client": "^4.10.3", "@smithy/types": "^4.11.0", "tslib": "^2.6.2" } }, "sha512-VD/I4AEhF1lpB3B//pmOIMBNLMrtdMXwy9yCOfa2QkJGDr63vH3RqPbSAKzoGMov3iryCxTXCxSsyGmEB8PDpg=="],

    "@smithy/util-endpoints": ["@smithy/util-endpoints@3.2.7", "", { "dependencies": { "@smithy/node-config-provider": "^4.3.7", "@smithy/types": "^4.11.0", "tslib": "^2.6.2" } }, "sha512-s4ILhyAvVqhMDYREeTS68R43B1V5aenV5q/V1QpRQJkCXib5BPRo4s7uNdzGtIKxaPHCfU/8YkvPAEvTpxgspg=="],

    "@smithy/util-hex-encoding": ["@smithy/util-hex-encoding@4.2.0", "", { "dependencies": { "tslib": "^2.6.2" } }, "sha512-CCQBwJIvXMLKxVbO88IukazJD9a4kQ9ZN7/UMGBjBcJYvatpWk+9g870El4cB8/EJxfe+k+y0GmR9CAzkF+Nbw=="],

    "@smithy/util-middleware": ["@smithy/util-middleware@4.2.7", "", { "dependencies": { "@smithy/types": "^4.11.0", "tslib": "^2.6.2" } }, "sha512-i1IkpbOae6NvIKsEeLLM9/2q4X+M90KV3oCFgWQI4q0Qz+yUZvsr+gZPdAEAtFhWQhAHpTsJO8DRJPuwVyln+w=="],

    "@smithy/util-retry": ["@smithy/util-retry@4.2.7", "", { "dependencies": { "@smithy/service-error-classification": "^4.2.7", "@smithy/types": "^4.11.0", "tslib": "^2.6.2" } }, "sha512-SvDdsQyF5CIASa4EYVT02LukPHVzAgUA4kMAuZ97QJc2BpAqZfA4PINB8/KOoCXEw9tsuv/jQjMeaHFvxdLNGg=="],

    "@smithy/util-stream": ["@smithy/util-stream@4.5.8", "", { "dependencies": { "@smithy/fetch-http-handler": "^5.3.8", "@smithy/node-http-handler": "^4.4.7", "@smithy/types": "^4.11.0", "@smithy/util-base64": "^4.3.0", "@smithy/util-buffer-from": "^4.2.0", "@smithy/util-hex-encoding": "^4.2.0", "@smithy/util-utf8": "^4.2.0", "tslib": "^2.6.2" } }, "sha512-ZnnBhTapjM0YPGUSmOs0Mcg/Gg87k503qG4zU2v/+Js2Gu+daKOJMeqcQns8ajepY8tgzzfYxl6kQyZKml6O2w=="],

    "@smithy/util-uri-escape": ["@smithy/util-uri-escape@4.2.0", "", { "dependencies": { "tslib": "^2.6.2" } }, "sha512-igZpCKV9+E/Mzrpq6YacdTQ0qTiLm85gD6N/IrmyDvQFA4UnU3d5g3m8tMT/6zG/vVkWSU+VxeUyGonL62DuxA=="],

    "@smithy/util-utf8": ["@smithy/util-utf8@4.2.0", "", { "dependencies": { "@smithy/util-buffer-from": "^4.2.0", "tslib": "^2.6.2" } }, "sha512-zBPfuzoI8xyBtR2P6WQj63Rz8i3AmfAaJLuNG8dWsfvPe8lO4aCPYLn879mEgHndZH1zQ2oXmG8O1GGzzaoZiw=="],

    "@smithy/util-waiter": ["@smithy/util-waiter@4.2.7", "", { "dependencies": { "@smithy/abort-controller": "^4.2.7", "@smithy/types": "^4.11.0", "tslib": "^2.6.2" } }, "sha512-vHJFXi9b7kUEpHWUCY3Twl+9NPOZvQ0SAi+Ewtn48mbiJk4JY9MZmKQjGB4SCvVb9WPiSphZJYY6RIbs+grrzw=="],

    "@smithy/uuid": ["@smithy/uuid@1.1.0", "", { "dependencies": { "tslib": "^2.6.2" } }, "sha512-4aUIteuyxtBUhVdiQqcDhKFitwfd9hqoSDYY2KRXiWtgoWJ9Bmise+KfEPDiVHWeJepvF8xJO9/9+WDIciMFFw=="],

    "@types/node": ["@types/node@20.19.27", "", { "dependencies": { "undici-types": "~6.21.0" } }, "sha512-N2clP5pJhB2YnZJ3PIHFk5RkygRX5WO/5f0WC08tp0wd+sv0rsJk3MqWn3CbNmT2J505a5336jaQj4ph1AdMug=="],

    "@types/node-fetch": ["@types/node-fetch@2.6.13", "", { "dependencies": { "@types/node": "*", "form-data": "^4.0.4" } }, "sha512-QGpRVpzSaUs30JBSGPjOg4Uveu384erbHBoT1zeONvyCfwQxIkUshLAOqN/k9EjGviPRmWTTe6aH2qySWKTVSw=="],

    "abort-controller": ["abort-controller@3.0.0", "", { "dependencies": { "event-target-shim": "^5.0.0" } }, "sha512-h8lQ8tacZYnR3vNQTgibj+tODHI5/+l06Au2Pcriv/Gmet0eaj4TwWH41sO9wnHDiQsEj19q0drzdWdeAHtweg=="],

    "agentkeepalive": ["agentkeepalive@4.6.0", "", { "dependencies": { "humanize-ms": "^1.2.1" } }, "sha512-kja8j7PjmncONqaTsB8fQ+wE2mSU2DJ9D4XKoJ5PFWIdRMa6SLSN1ff4mOr4jCbfRSsxR4keIiySJU0N9T5hIQ=="],

    "asynckit": ["asynckit@0.4.0", "", {}, "sha512-Oei9OH4tRh0YqU3GxhX79dM/mwVgvbZJaSNaRk+bshkj0S5cfHcgYakreBjrHwatXKbz+IoIdYLxrKim2MjW0Q=="],

    "bowser": ["bowser@2.13.1", "", {}, "sha512-OHawaAbjwx6rqICCKgSG0SAnT05bzd7ppyKLVUITZpANBaaMFBAsaNkto3LoQ31tyFP5kNujE8Cdx85G9VzOkw=="],

    "call-bind-apply-helpers": ["call-bind-apply-helpers@1.0.2", "", { "dependencies": { "es-errors": "^1.3.0", "function-bind": "^1.1.2" } }, "sha512-Sp1ablJ0ivDkSzjcaJdxEunN5/XvksFJ2sMBFfq6x0ryhQV/2b/KwFe21cMpmHtPOSij8K99/wSfoEuTObmuMQ=="],

    "combined-stream": ["combined-stream@1.0.8", "", { "dependencies": { "delayed-stream": "~1.0.0" } }, "sha512-FQN4MRfuJeHf7cBbBMJFXhKSDq+2kAArBlmRBvcvFE5BB1HZKXtSFASDhdlz9zOYwxh8lDdnvmMOe/+5cdoEdg=="],

    "delayed-stream": ["delayed-stream@1.0.0", "", {}, "sha512-ZySD7Nf91aLB0RxL4KGrKHBXl7Eds1DAmEdcoVawXnLD7SDhpNgtuII2aAkg7a7QS41jxPSZ17p4VdGnMHk3MQ=="],

    "dunder-proto": ["dunder-proto@1.0.1", "", { "dependencies": { "call-bind-apply-helpers": "^1.0.1", "es-errors": "^1.3.0", "gopd": "^1.2.0" } }, "sha512-KIN/nDJBQRcXw0MLVhZE9iQHmG68qAVIBg9CqmUYjmQIhgij9U5MFvrqkUL5FbtyyzZuOeOt0zdeRe4UY7ct+A=="],

    "es-define-property": ["es-define-property@1.0.1", "", {}, "sha512-e3nRfgfUZ4rNGL232gUgX06QNyyez04KdjFrF+LTRoOXmrOgFKDg4BCdsjW8EnT69eqdYGmRpJwiPVYNrCaW3g=="],

    "es-errors": ["es-errors@1.3.0", "", {}, "sha512-Zf5H2Kxt2xjTvbJvP2ZWLEICxA6j+hAmMzIlypy4xcBg1vKVnx89Wy0GbS+kf5cwCVFFzdCFh2XSCFNULS6csw=="],

    "es-object-atoms": ["es-object-atoms@1.1.1", "", { "dependencies": { "es-errors": "^1.3.0" } }, "sha512-FGgH2h8zKNim9ljj7dankFPcICIK9Cp5bm+c2gQSYePhpaG5+esrLODihIorn+Pe6FGJzWhXQotPv73jTaldXA=="],

    "es-set-tostringtag": ["es-set-tostringtag@2.1.0", "", { "dependencies": { "es-errors": "^1.3.0", "get-intrinsic": "^1.2.6", "has-tostringtag": "^1.0.2", "hasown": "^2.0.2" } }, "sha512-j6vWzfrGVfyXxge+O0x5sh6cvxAog0a/4Rdd2K36zCMV5eJ+/+tOAngRO8cODMNWbVRdVlmGZQL2YS3yR8bIUA=="],

    "event-target-shim": ["event-target-shim@5.0.1", "", {}, "sha512-i/2XbnSz/uxRCU6+NdVJgKWDTM427+MqYbkQzD321DuCQJUqOuJKIA0IM2+W2xtYHdKOmZ4dR6fExsd4SXL+WQ=="],

    "fast-xml-parser": ["fast-xml-parser@5.2.5", "", { "dependencies": { "strnum": "^2.1.0" }, "bin": { "fxparser": "src/cli/cli.js" } }, "sha512-pfX9uG9Ki0yekDHx2SiuRIyFdyAr1kMIMitPvb0YBo8SUfKvia7w7FIyd/l6av85pFYRhZscS75MwMnbvY+hcQ=="],

    "form-data": ["form-data@4.0.5", "", { "dependencies": { "asynckit": "^0.4.0", "combined-stream": "^1.0.8", "es-set-tostringtag": "^2.1.0", "hasown": "^2.0.2", "mime-types": "^2.1.12" } }, "sha512-8RipRLol37bNs2bhoV67fiTEvdTrbMUYcFTiy3+wuuOnUog2QBHCZWXDRijWQfAkhBj2Uf5UnVaiWwA5vdd82w=="],

    "form-data-encoder": ["form-data-encoder@1.7.2", "", {}, "sha512-qfqtYan3rxrnCk1VYaA4H+Ms9xdpPqvLZa6xmMgFvhO32x7/3J/ExcTd6qpxM0vH2GdMI+poehyBZvqfMTto8A=="],

    "formdata-node": ["formdata-node@4.4.1", "", { "dependencies": { "node-domexception": "1.0.0", "web-streams-polyfill": "4.0.0-beta.3" } }, "sha512-0iirZp3uVDjVGt9p49aTaqjk84TrglENEDuqfdlZQ1roC9CWlPk6Avf8EEnZNcAqPonwkG35x4n3ww/1THYAeQ=="],

    "fsevents": ["fsevents@2.3.3", "", { "os": "darwin" }, "sha512-5xoDfX+fL7faATnagmWPpbFtwh/R77WmMMqqHGS65C3vvB0YHrgF+B1YmZ3441tMj5n63k0212XNoJwzlhffQw=="],

    "function-bind": ["function-bind@1.1.2", "", {}, "sha512-7XHNxH7qX9xG5mIwxkhumTox/MIRNcOgDrxWsMt2pAr23WHp6MrRlN7FBSFpCpr+oVO0F744iUgR82nJMfG2SA=="],

    "get-intrinsic": ["get-intrinsic@1.3.0", "", { "dependencies": { "call-bind-apply-helpers": "^1.0.2", "es-define-property": "^1.0.1", "es-errors": "^1.3.0", "es-object-atoms": "^1.1.1", "function-bind": "^1.1.2", "get-proto": "^1.0.1", "gopd": "^1.2.0", "has-symbols": "^1.1.0", "hasown": "^2.0.2", "math-intrinsics": "^1.1.0" } }, "sha512-9fSjSaos/fRIVIp+xSJlE6lfwhES7LNtKaCBIamHsjr2na1BiABJPo0mOjjz8GJDURarmCPGqaiVg5mfjb98CQ=="],

    "get-proto": ["get-proto@1.0.1", "", { "dependencies": { "dunder-proto": "^1.0.1", "es-object-atoms": "^1.0.0" } }, "sha512-sTSfBjoXBp89JvIKIefqw7U2CCebsc74kiY6awiGogKtoSGbgjYE/G/+l9sF3MWFPNc9IcoOC4ODfKHfxFmp0g=="],

    "gopd": ["gopd@1.2.0", "", {}, "sha512-ZUKRh6/kUFoAiTAtTYPZJ3hw9wNxx+BIBOijnlG9PnrJsCcSjs1wyyD6vJpaYtgnzDrKYRSqf3OO6Rfa93xsRg=="],

    "has-symbols": ["has-symbols@1.1.0", "", {}, "sha512-1cDNdwJ2Jaohmb3sg4OmKaMBwuC48sYni5HUw2DvsC8LjGTLK9h+eb1X6RyuOHe4hT0ULCW68iomhjUoKUqlPQ=="],

    "has-tostringtag": ["has-tostringtag@1.0.2", "", { "dependencies": { "has-symbols": "^1.0.3" } }, "sha512-NqADB8VjPFLM2V0VvHUewwwsw0ZWBaIdgo+ieHtK3hasLz4qeCRjYcqfB6AQrBggRKppKF8L52/VqdVsO47Dlw=="],

    "hasown": ["hasown@2.0.2", "", { "dependencies": { "function-bind": "^1.1.2" } }, "sha512-0hJU9SCPvmMzIBdZFqNPXWa6dqh7WdH0cII9y+CyS8rG3nL48Bclra9HmKhVVUHyPWNH5Y7xDwAB7bfgSjkUMQ=="],

    "humanize-ms": ["humanize-ms@1.2.1", "", { "dependencies": { "ms": "^2.0.0" } }, "sha512-Fl70vYtsAFb/C06PTS9dZBo7ihau+Tu/DNCk/OyHhea07S+aeMWpFFkUaXRa8fI+ScZbEI8dfSxwY7gxZ9SAVQ=="],

    "math-intrinsics": ["math-intrinsics@1.1.0", "", {}, "sha512-/IXtbwEk5HTPyEwyKX6hGkYXxM9nbj64B+ilVJnC/R6B0pH5G4V3b0pVbL7DBj4tkhBAppbQUlf6F6Xl9LHu1g=="],

    "mime-db": ["mime-db@1.52.0", "", {}, "sha512-sPU4uV7dYlvtWJxwwxHD0PuihVNiE7TyAbQ5SWxDCB9mUYvOgroQOwYQQOKPJ8CIbE+1ETVlOoK1UC2nU3gYvg=="],

    "mime-types": ["mime-types@2.1.35", "", { "dependencies": { "mime-db": "1.52.0" } }, "sha512-ZDY+bPm5zTTF+YpCrAU9nK0UgICYPT0QtT1NZWFv4s++TNkcgVaT0g6+4R2uI4MjQjzysHB1zxuWL50hzaeXiw=="],

    "ms": ["ms@2.1.3", "", {}, "sha512-6FlzubTLZG3J2a/NVCAleEhjzq5oxgHyaCU9yYXvcLsvoVaHJq/s5xXI6/XXP6tz7R9xAOtHnSO/tXtF3WRTlA=="],

    "node-domexception": ["node-domexception@1.0.0", "", {}, "sha512-/jKZoMpw0F8GRwl4/eLROPA3cfcXtLApP0QzLmUT/HuPCZWyB7IY9ZrMeKw2O/nFIqPQB3PVM9aYm0F312AXDQ=="],

    "node-fetch": ["node-fetch@2.7.0", "", { "dependencies": { "whatwg-url": "^5.0.0" }, "peerDependencies": { "encoding": "^0.1.0" }, "optionalPeers": ["encoding"] }, "sha512-c4FRfUm/dbcWZ7U+1Wq0AwCyFL+3nt2bEw05wfxSz+DWpWsitgmSgYmy2dQdWyKC1694ELPqMs/YzUSNozLt8A=="],

    "prisma": ["prisma@5.22.0", "", { "dependencies": { "@prisma/engines": "5.22.0" }, "optionalDependencies": { "fsevents": "2.3.3" }, "bin": { "prisma": "build/index.js" } }, "sha512-vtpjW3XuYCSnMsNVBjLMNkTj6OZbudcPPTPYHqX0CJfpcdWciI1dM8uHETwmDxxiqEwCIE6WvXucWUetJgfu/A=="],

    "strnum": ["strnum@2.1.2", "", {}, "sha512-l63NF9y/cLROq/yqKXSLtcMeeyOfnSQlfMSlzFt/K73oIaD8DGaQWd7Z34X9GPiKqP5rbSh84Hl4bOlLcjiSrQ=="],

    "tr46": ["tr46@0.0.3", "", {}, "sha512-N3WMsuqV66lT30CrXNbEjx4GEwlow3v6rr4mCcv6prnfwhS01rkgyFdjPNBYd9br7LpXV1+Emh01fHnq2Gdgrw=="],

    "tslib": ["tslib@2.8.1", "", {}, "sha512-oJFu94HQb+KVduSUQL7wnpmqnfmLsOA/nAh6b6EH0wCEoK0/mPeXU6c3wKDV83MkOuHPRHtSXKKU99IBazS/2w=="],

    "typescript": ["typescript@5.9.3", "", { "bin": { "tsc": "bin/tsc", "tsserver": "bin/tsserver" } }, "sha512-jl1vZzPDinLr9eUt3J/t7V6FgNEw9QjvBPdysz9KfQDD41fQrC2Y4vKQdiaUpFT4bXlb1RHhLpp8wtm6M5TgSw=="],

    "undici-types": ["undici-types@6.21.0", "", {}, "sha512-iwDZqg0QAGrg9Rav5H4n0M64c3mkR59cJ6wQp+7C4nI0gsmExaedaYLNO44eT4AtBBwjbTiGPMlt2Md0T9H9JQ=="],

    "web-streams-polyfill": ["web-streams-polyfill@4.0.0-beta.3", "", {}, "sha512-QW95TCTaHmsYfHDybGMwO5IJIM93I/6vTRk+daHTWFPhwh+C8Cg7j7XyKrwrj8Ib6vYXe0ocYNrmzY4xAAN6ug=="],

    "webidl-conversions": ["webidl-conversions@3.0.1", "", {}, "sha512-2JAn3z8AR6rjK8Sm8orRC0h/bcl/DqL7tRPdGZ4I1CjdF+EaMLmYxBHyXuKL849eucPFhvBoxMsflfOb8kxaeQ=="],

    "whatwg-url": ["whatwg-url@5.0.0", "", { "dependencies": { "tr46": "~0.0.3", "webidl-conversions": "^3.0.0" } }, "sha512-saE57nupxk6v3HY35+jzBwYa0rKSy0XR8JSxZPwgLr7ys0IBzhGviA1/TUGJLmSVqs8pb9AnvICXEuOHLprYTw=="],

    "zod": ["zod@3.25.76", "", {}, "sha512-gzUt/qt81nXsFGKIFcC3YnfEAx5NkunCfnDlvuBSSFS02bcXu4Lmea0AFIUwbLWxWPx3d9p8S5QoaujKcNQxcQ=="],

    "@anthropic-ai/sdk/@types/node": ["@types/node@18.19.130", "", { "dependencies": { "undici-types": "~5.26.4" } }, "sha512-GRaXQx6jGfL8sKfaIDD6OupbIHBr9jv7Jnaml9tB7l4v068PAOXqfcujMMo5PhbIs6ggR1XODELqahT2R8v0fg=="],

    "@aws-crypto/sha1-browser/@smithy/util-utf8": ["@smithy/util-utf8@2.3.0", "", { "dependencies": { "@smithy/util-buffer-from": "^2.2.0", "tslib": "^2.6.2" } }, "sha512-R8Rdn8Hy72KKcebgLiv8jQcQkXoLMOGGv5uI1/k0l+snqkOzQ1R0ChUBCxWMlBsFMekWjq0wRudIweFs7sKT5A=="],

    "@aws-crypto/sha256-browser/@smithy/util-utf8": ["@smithy/util-utf8@2.3.0", "", { "dependencies": { "@smithy/util-buffer-from": "^2.2.0", "tslib": "^2.6.2" } }, "sha512-R8Rdn8Hy72KKcebgLiv8jQcQkXoLMOGGv5uI1/k0l+snqkOzQ1R0ChUBCxWMlBsFMekWjq0wRudIweFs7sKT5A=="],

    "@aws-crypto/util/@smithy/util-utf8": ["@smithy/util-utf8@2.3.0", "", { "dependencies": { "@smithy/util-buffer-from": "^2.2.0", "tslib": "^2.6.2" } }, "sha512-R8Rdn8Hy72KKcebgLiv8jQcQkXoLMOGGv5uI1/k0l+snqkOzQ1R0ChUBCxWMlBsFMekWjq0wRudIweFs7sKT5A=="],

    "@anthropic-ai/sdk/@types/node/undici-types": ["undici-types@5.26.5", "", {}, "sha512-JlCMO+ehdEIKqlFxk6IfVoAUVmgz7cU7zD/h9XZ0qzeosSHmUJVOzSQvvYSYWXkFXC+IfLKSIffhv0sVZup6pA=="],

    "@aws-crypto/sha1-browser/@smithy/util-utf8/@smithy/util-buffer-from": ["@smithy/util-buffer-from@2.2.0", "", { "dependencies": { "@smithy/is-array-buffer": "^2.2.0", "tslib": "^2.6.2" } }, "sha512-IJdWBbTcMQ6DA0gdNhh/BwrLkDR+ADW5Kr1aZmd4k3DIF6ezMV4R2NIAmT08wQJ3yUK82thHWmC/TnK/wpMMIA=="],

    "@aws-crypto/sha256-browser/@smithy/util-utf8/@smithy/util-buffer-from": ["@smithy/util-buffer-from@2.2.0", "", { "dependencies": { "@smithy/is-array-buffer": "^2.2.0", "tslib": "^2.6.2" } }, "sha512-IJdWBbTcMQ6DA0gdNhh/BwrLkDR+ADW5Kr1aZmd4k3DIF6ezMV4R2NIAmT08wQJ3yUK82thHWmC/TnK/wpMMIA=="],

    "@aws-crypto/util/@smithy/util-utf8/@smithy/util-buffer-from": ["@smithy/util-buffer-from@2.2.0", "", { "dependencies": { "@smithy/is-array-buffer": "^2.2.0", "tslib": "^2.6.2" } }, "sha512-IJdWBbTcMQ6DA0gdNhh/BwrLkDR+ADW5Kr1aZmd4k3DIF6ezMV4R2NIAmT08wQJ3yUK82thHWmC/TnK/wpMMIA=="],

    "@aws-crypto/sha1-browser/@smithy/util-utf8/@smithy/util-buffer-from/@smithy/is-array-buffer": ["@smithy/is-array-buffer@2.2.0", "", { "dependencies": { "tslib": "^2.6.2" } }, "sha512-GGP3O9QFD24uGeAXYUjwSTXARoqpZykHadOmA8G5vfJPK0/DC67qa//0qvqrJzL1xc8WQWX7/yc7fwudjPHPhA=="],

    "@aws-crypto/sha256-browser/@smithy/util-utf8/@smithy/util-buffer-from/@smithy/is-array-buffer": ["@smithy/is-array-buffer@2.2.0", "", { "dependencies": { "tslib": "^2.6.2" } }, "sha512-GGP3O9QFD24uGeAXYUjwSTXARoqpZykHadOmA8G5vfJPK0/DC67qa//0qvqrJzL1xc8WQWX7/yc7fwudjPHPhA=="],

    "@aws-crypto/util/@smithy/util-utf8/@smithy/util-buffer-from/@smithy/is-array-buffer": ["@smithy/is-array-buffer@2.2.0", "", { "dependencies": { "tslib": "^2.6.2" } }, "sha512-GGP3O9QFD24uGeAXYUjwSTXARoqpZykHadOmA8G5vfJPK0/DC67qa//0qvqrJzL1xc8WQWX7/yc7fwudjPHPhA=="],
  }
}
